# This file was autogenerated by Stack.
# You should not edit this file by hand.
# For more information, please see the documentation at:
#   https://docs.haskellstack.org/en/stable/lock_files

packages:
- completed:
    name: gf
    pantry-tree:
      sha256: 65e3f83cf9ad6af2e1eb55e970fa09b7ae33742cd95bdaeff0a02ade51a71083
      size: 68240
    sha256: cb224bd3cfd19658d9911623fef279575d773234d055b36aa1251b1f3d17d73b
    size: 3499471
    url: https://github.com/GrammaticalFramework/gf-core/archive/b59fe24c118826e91709170c97913a8db79374af.tar.gz
    version: 3.11.0
  original:
    url: https://github.com/GrammaticalFramework/gf-core/archive/b59fe24c118826e91709170c97913a8db79374af.tar.gz
- completed:
    hackage: multipart-0.2.0@sha256:b8770e3ff6089be4dd089a8250894b31287cca671f3d258190a505f9351fa8a9,1084
    pantry-tree:
      sha256: 9fdde2d2b30cd298547070160c06b80eb0fbc0cea15f21fd5b2fe06db4450cde
      size: 383
  original:
    hackage: multipart-0.2.0@sha256:b8770e3ff6089be4dd089a8250894b31287cca671f3d258190a505f9351fa8a9,1084
- completed:
    hackage: cgi-3001.5.0.0@sha256:3d1193a328d5f627a021a0ef3927c1ae41dd341e32dba612fed52d0e3a6df056,2990
    pantry-tree:
      sha256: c6f1c2f201b196b43cd8d0537482796c9fd389b40c4be945ee66348d31f130bf
      size: 993
  original:
    hackage: cgi-3001.5.0.0@sha256:3d1193a328d5f627a021a0ef3927c1ae41dd341e32dba612fed52d0e3a6df056,2990
- completed:
    hackage: pgf2-1.3.0@sha256:7cf0c301c6e03b40100d2fd2fb751b73435f3246749b384ab264f9a0e9748cc6,1180
    pantry-tree:
      sha256: 5f956e15f4b2a8131a1f87db06283344630f6631ee6cc8f64695659210d4633c
      size: 521
  original:
    hackage: pgf2-1.3.0
snapshots:
- completed:
    sha256: e0665b6096ae42229053ff678d12ede7078a6e72ac479c4ac7eda025c83a5caa
    size: 643193
    url: https://raw.githubusercontent.com/commercialhaskell/stackage-snapshots/master/nightly/2022/9/30.yaml
  original: nightly-2022-09-30
